// !$*UTF8*$!
{
	archiveVersion = 1;
	classes = {
	};
	objectVersion = 46;
	objects = {
/* Begin PBXBuildFile section */
		0207DA581B56EA530066E2B4 /* Images.xcassets in Resources */ = {isa = PBXBuildFile; fileRef = 0207DA571B56EA530066E2B4 /* Images.xcassets */; };
		0310358077254183A476831C /* CDVLocalFilesystem.m in Sources */ = {isa = PBXBuildFile; fileRef = DF6145BB14E446A4A48ABF91 /* CDVLocalFilesystem.m */; };
		0BCDB365351D48B8928ACE85 /* CDVBattery.m in Sources */ = {isa = PBXBuildFile; fileRef = EC5C2484BDEC49F2B568BFDB /* CDVBattery.m */; };
		0C2020173C004193AB530ED7 /* CDVGlobalization.m in Sources */ = {isa = PBXBuildFile; fileRef = 5AE70105D5DC4D89B4367444 /* CDVGlobalization.m */; };
		0C6B2D59FBA4401AAFFF4EC8 /* CoreMotion.framework in Frameworks */ = {isa = PBXBuildFile; fileRef = 9873586A49ED486181695E3B /* CoreMotion.framework */; };
		0C9AFC6F852F47E7A07F3962 /* CDVCamera.m in Sources */ = {isa = PBXBuildFile; fileRef = B9995F3306C5475EA0003B03 /* CDVCamera.m */; };
		1201886EE25A4BF5B838676C /* CDVDevice.m in Sources */ = {isa = PBXBuildFile; fileRef = CC87D623FFB34841B3DEB160 /* CDVDevice.m */; };
		12159220F8AC4425B9DE4154 /* CDVFile.m in Sources */ = {isa = PBXBuildFile; fileRef = E0465074C2164BF9B36191FF /* CDVFile.m */; };
		1D3623260D0F684500981E51 /* AppDelegate.m in Sources */ = {isa = PBXBuildFile; fileRef = 1D3623250D0F684500981E51 /* AppDelegate.m */; };
		1D60589B0D05DD56006BFB54 /* main.m in Sources */ = {isa = PBXBuildFile; fileRef = 29B97316FDCFA39411CA2CEA /* main.m */; };
		1F0DF35E6BD5413288B1DC4D /* CDVSound.m in Sources */ = {isa = PBXBuildFile; fileRef = 8C3E2C7131174C80A1F9CE7C /* CDVSound.m */; };
		2CE51D7DA3734F8A8C0ADC08 /* CDVReachability.m in Sources */ = {isa = PBXBuildFile; fileRef = 253C3CC6023E4B31AA710B67 /* CDVReachability.m */; };
		301BF552109A68D80062928A /* libCordova.a in Frameworks */ = {isa = PBXBuildFile; fileRef = 301BF535109A57CC0062928A /* libCordova.a */; };
		302D95F114D2391D003F00A1 /* MainViewController.m in Sources */ = {isa = PBXBuildFile; fileRef = 302D95EF14D2391D003F00A1 /* MainViewController.m */; };
		302D95F214D2391D003F00A1 /* MainViewController.xib in Resources */ = {isa = PBXBuildFile; fileRef = 302D95F014D2391D003F00A1 /* MainViewController.xib */; };
		3047A5121AB8059700498E2A /* build-debug.xcconfig in Resources */ = {isa = PBXBuildFile; fileRef = 3047A50F1AB8059700498E2A /* build-debug.xcconfig */; };
		3047A5131AB8059700498E2A /* build-release.xcconfig in Resources */ = {isa = PBXBuildFile; fileRef = 3047A5101AB8059700498E2A /* build-release.xcconfig */; };
		3047A5141AB8059700498E2A /* build.xcconfig in Resources */ = {isa = PBXBuildFile; fileRef = 3047A5111AB8059700498E2A /* build.xcconfig */; };
		53E633A237A94479832CF276 /* CDVSplashScreen.m in Sources */ = {isa = PBXBuildFile; fileRef = B7699813BFFF478B8004040A /* CDVSplashScreen.m */; };
		583C348035DE49EEBC6A6FDC /* AddressBookUI.framework in Frameworks */ = {isa = PBXBuildFile; fileRef = 8CE9555CD9644D16A8E06373 /* AddressBookUI.framework */; settings = {ATTRIBUTES = (Weak, ); }; };
		5D256E631D0E4FE284ABA5AC /* AddressBook.framework in Frameworks */ = {isa = PBXBuildFile; fileRef = 13969CAF8FB748C1A97FCCD2 /* AddressBook.framework */; settings = {ATTRIBUTES = (Weak, ); }; };
		68127A400DED4505AD1C63B9 /* CDVInAppBrowser.m in Sources */ = {isa = PBXBuildFile; fileRef = 28FC9453EB674AB1BC8A684F /* CDVInAppBrowser.m */; };
		6BDCAEC109044116B938C703 /* CDVConnection.m in Sources */ = {isa = PBXBuildFile; fileRef = 3AF32D71E07F4819B238B7A0 /* CDVConnection.m */; };
		6D5C38556FF842F585D7AB67 /* CDVJpegHeaderWriter.m in Sources */ = {isa = PBXBuildFile; fileRef = 900EAAB928CD4FCEADB62842 /* CDVJpegHeaderWriter.m */; };
		74815C6C292C4E73BDB9C4ED /* CDVVibration.m in Sources */ = {isa = PBXBuildFile; fileRef = B3AD4FB68BE5436E9E732880 /* CDVVibration.m */; };
		780A780D26A840C39DBE0B99 /* CDVLogger.m in Sources */ = {isa = PBXBuildFile; fileRef = 424E6FCAAE8C482B91C815FE /* CDVLogger.m */; };
		7F62B108E4FD48439BCF8887 /* CDVNotification.m in Sources */ = {isa = PBXBuildFile; fileRef = 4CDF05CF472F4AD99E2727EB /* CDVNotification.m */; };
		883C5079B7F245218370A9ED /* CDVAssetLibraryFilesystem.m in Sources */ = {isa = PBXBuildFile; fileRef = 4628A8A86D554CC09A1C0EEC /* CDVAssetLibraryFilesystem.m */; };
		8A5A520774FA48B185130125 /* CDVLocation.m in Sources */ = {isa = PBXBuildFile; fileRef = E975A9A4A93C45DB9367428F /* CDVLocation.m */; };
		9943DECBD1624343818B283D /* CDVViewController+SplashScreen.m in Sources */ = {isa = PBXBuildFile; fileRef = 342C569321E14197BAD7C527 /* CDVViewController+SplashScreen.m */; };
		9E1D0C1F577F4314B152DC21 /* CDVAccelerometer.m in Sources */ = {isa = PBXBuildFile; fileRef = 61C300D6454A4293B76C6BD4 /* CDVAccelerometer.m */; };
		9EBD874763B54A71AA6895F7 /* UIImage+CropScaleOrientation.m in Sources */ = {isa = PBXBuildFile; fileRef = E849BF361E1A4D24B40F452A /* UIImage+CropScaleOrientation.m */; };
		A730238B14AA4B2984A50AF5 /* ImageIO.framework in Frameworks */ = {isa = PBXBuildFile; fileRef = 95F65BB74F664EE3A8A710AD /* ImageIO.framework */; settings = {ATTRIBUTES = (Weak, ); }; };
		B2EF138B44904C278606FCBC /* CDVFileTransfer.m in Sources */ = {isa = PBXBuildFile; fileRef = 162B8735AE654A6BB67AEF2E /* CDVFileTransfer.m */; };
		B336D0050449467089A7541A /* CDVCapture.m in Sources */ = {isa = PBXBuildFile; fileRef = D96B5BD3E06749DAB2F0A247 /* CDVCapture.m */; };
		B5AB778B5CE64CD7BDB7F566 /* CoreTelephony.framework in Frameworks */ = {isa = PBXBuildFile; fileRef = 7D5318F781054D7BBE028A71 /* CoreTelephony.framework */; };
		BD4A9970583C4497A4344C02 /* CDVContacts.m in Sources */ = {isa = PBXBuildFile; fileRef = 9C1583F3138A486FB669EB09 /* CDVContacts.m */; };
		BDAB4B0CB4634058B6C8E03A /* Sim.m in Sources */ = {isa = PBXBuildFile; fileRef = A606796ACCFE49FAA5ED0363 /* Sim.m */; };
		BF925516EBBB4BD69EDDF7FD /* CDVCapture.bundle in Resources */ = {isa = PBXBuildFile; fileRef = 0ED2FB48E4E5465897D25859 /* CDVCapture.bundle */; };
		C4B86750E25C4A7CA11831A8 /* CoreLocation.framework in Frameworks */ = {isa = PBXBuildFile; fileRef = 1C136465C3304793ABDF6D36 /* CoreLocation.framework */; };
		D33674231A1D4D619590C5B6 /* CDVCompass.m in Sources */ = {isa = PBXBuildFile; fileRef = D61124CA46184F0D867CC0FE /* CDVCompass.m */; };
		D64CB57E76AA4F23B794CF05 /* SystemConfiguration.framework in Frameworks */ = {isa = PBXBuildFile; fileRef = 853BDA267CB84EBB9F734252 /* SystemConfiguration.framework */; settings = {ATTRIBUTES = (Weak, ); }; };
		D8C94599F4D44850BEAC5409 /* CDVStatusBar.m in Sources */ = {isa = PBXBuildFile; fileRef = EAD8FF14340D405AB3E99079 /* CDVStatusBar.m */; };
		DD6DAAC5117D42D0B46DF00B /* CDVNotification.bundle in Resources */ = {isa = PBXBuildFile; fileRef = 0C9F361E3AB248A8BC2AC35D /* CDVNotification.bundle */; };
		DDE922B164F4468B9D74D1C9 /* AVFoundation.framework in Frameworks */ = {isa = PBXBuildFile; fileRef = CC007EA8B4EE4B50A6647071 /* AVFoundation.framework */; };
		E296CD3F3E2446A4995C5BA5 /* AudioToolbox.framework in Frameworks */ = {isa = PBXBuildFile; fileRef = 4FE2CCBFEC6A4170ADD2FE00 /* AudioToolbox.framework */; settings = {ATTRIBUTES = (Weak, ); }; };
		FC6CBAEAABC34B1D9E3ACF0E /* CDVContact.m in Sources */ = {isa = PBXBuildFile; fileRef = F75EB4B7A59341228570BFF8 /* CDVContact.m */; };
/* End PBXBuildFile section */

/* Begin PBXContainerItemProxy section */
		301BF534109A57CC0062928A /* PBXContainerItemProxy */ = {
			isa = PBXContainerItemProxy;
			containerPortal = 301BF52D109A57CC0062928A /* CordovaLib.xcodeproj */;
			proxyType = 2;
			remoteGlobalIDString = D2AAC07E0554694100DB518D;
			remoteInfo = CordovaLib;
		};
		301BF550109A68C00062928A /* PBXContainerItemProxy */ = {
			isa = PBXContainerItemProxy;
			containerPortal = 301BF52D109A57CC0062928A /* CordovaLib.xcodeproj */;
			proxyType = 1;
			remoteGlobalIDString = D2AAC07D0554694100DB518D;
			remoteInfo = CordovaLib;
		};
/* End PBXContainerItemProxy section */

/* Begin PBXFileReference section */
		00933D531480478D9F585290 /* CDVDevice.h */ = {isa = PBXFileReference; explicitFileType = undefined; fileEncoding = 4; includeInIndex = 0; lastKnownFileType = sourcecode.c.h; name = CDVDevice.h; path = "cordova-plugin-device/CDVDevice.h"; sourceTree = "<group>"; };
		01B5CC78CDA04B8F810D3EED /* CDVNotification.h */ = {isa = PBXFileReference; explicitFileType = undefined; fileEncoding = 4; includeInIndex = 0; lastKnownFileType = sourcecode.c.h; name = CDVNotification.h; path = "cordova-plugin-dialogs/CDVNotification.h"; sourceTree = "<group>"; };
		0207DA571B56EA530066E2B4 /* Images.xcassets */ = {isa = PBXFileReference; lastKnownFileType = folder.assetcatalog; name = Images.xcassets; path = "VI EGPC/Images.xcassets"; sourceTree = SOURCE_ROOT; };
		0392981A167240998CE08D90 /* CDVAccelerometer.h */ = {isa = PBXFileReference; explicitFileType = undefined; fileEncoding = 4; includeInIndex = 0; lastKnownFileType = sourcecode.c.h; name = CDVAccelerometer.h; path = "cordova-plugin-device-motion/CDVAccelerometer.h"; sourceTree = "<group>"; };
		048AC980C1AF4000A31D874A /* CDVExif.h */ = {isa = PBXFileReference; explicitFileType = undefined; fileEncoding = 4; includeInIndex = 0; lastKnownFileType = sourcecode.c.h; name = CDVExif.h; path = "cordova-plugin-camera/CDVExif.h"; sourceTree = "<group>"; };
		0C9F361E3AB248A8BC2AC35D /* CDVNotification.bundle */ = {isa = PBXFileReference; explicitFileType = undefined; fileEncoding = 9; includeInIndex = 0; lastKnownFileType = "wrapper.plug-in"; path = CDVNotification.bundle; sourceTree = "<group>"; };
		0ED2FB48E4E5465897D25859 /* CDVCapture.bundle */ = {isa = PBXFileReference; explicitFileType = undefined; fileEncoding = 9; includeInIndex = 0; lastKnownFileType = "wrapper.plug-in"; path = CDVCapture.bundle; sourceTree = "<group>"; };
		13969CAF8FB748C1A97FCCD2 /* AddressBook.framework */ = {isa = PBXFileReference; explicitFileType = undefined; fileEncoding = 9; includeInIndex = 0; lastKnownFileType = wrapper.framework; name = AddressBook.framework; path = System/Library/Frameworks/AddressBook.framework; sourceTree = SDKROOT; };
		152F67F233F54901921AD87F /* CDVFileTransfer.h */ = {isa = PBXFileReference; explicitFileType = undefined; fileEncoding = 4; includeInIndex = 0; lastKnownFileType = sourcecode.c.h; name = CDVFileTransfer.h; path = "cordova-plugin-file-transfer/CDVFileTransfer.h"; sourceTree = "<group>"; };
		162B8735AE654A6BB67AEF2E /* CDVFileTransfer.m */ = {isa = PBXFileReference; explicitFileType = undefined; fileEncoding = 4; includeInIndex = 0; lastKnownFileType = sourcecode.c.objc; name = CDVFileTransfer.m; path = "cordova-plugin-file-transfer/CDVFileTransfer.m"; sourceTree = "<group>"; };
		1C136465C3304793ABDF6D36 /* CoreLocation.framework */ = {isa = PBXFileReference; explicitFileType = undefined; fileEncoding = 9; includeInIndex = 0; lastKnownFileType = wrapper.framework; name = CoreLocation.framework; path = System/Library/Frameworks/CoreLocation.framework; sourceTree = SDKROOT; };
		1D3623240D0F684500981E51 /* AppDelegate.h */ = {isa = PBXFileReference; fileEncoding = 4; lastKnownFileType = sourcecode.c.h; path = AppDelegate.h; sourceTree = "<group>"; };
		1D3623250D0F684500981E51 /* AppDelegate.m */ = {isa = PBXFileReference; fileEncoding = 4; lastKnownFileType = sourcecode.c.objc; path = AppDelegate.m; sourceTree = "<group>"; };
		1D6058910D05DD3D006BFB54 /* VI EGPC.app */ = {isa = PBXFileReference; explicitFileType = wrapper.application; includeInIndex = 0; path = "VI EGPC.app"; sourceTree = BUILT_PRODUCTS_DIR; };
		253C3CC6023E4B31AA710B67 /* CDVReachability.m */ = {isa = PBXFileReference; explicitFileType = undefined; fileEncoding = 4; includeInIndex = 0; lastKnownFileType = sourcecode.c.objc; name = CDVReachability.m; path = "cordova-plugin-network-information/CDVReachability.m"; sourceTree = "<group>"; };
		28FC9453EB674AB1BC8A684F /* CDVInAppBrowser.m */ = {isa = PBXFileReference; explicitFileType = undefined; fileEncoding = 4; includeInIndex = 0; lastKnownFileType = sourcecode.c.objc; name = CDVInAppBrowser.m; path = "cordova-plugin-inappbrowser/CDVInAppBrowser.m"; sourceTree = "<group>"; };
		29B97316FDCFA39411CA2CEA /* main.m */ = {isa = PBXFileReference; fileEncoding = 4; lastKnownFileType = sourcecode.c.objc; path = main.m; sourceTree = "<group>"; };
		2C35F8D19C2A4143A77FD335 /* CDVInAppBrowser.h */ = {isa = PBXFileReference; explicitFileType = undefined; fileEncoding = 4; includeInIndex = 0; lastKnownFileType = sourcecode.c.h; name = CDVInAppBrowser.h; path = "cordova-plugin-inappbrowser/CDVInAppBrowser.h"; sourceTree = "<group>"; };
		301BF52D109A57CC0062928A /* CordovaLib.xcodeproj */ = {isa = PBXFileReference; lastKnownFileType = "wrapper.pb-project"; name = CordovaLib.xcodeproj; path = CordovaLib/CordovaLib.xcodeproj; sourceTree = "<group>"; };
		301BF56E109A69640062928A /* www */ = {isa = PBXFileReference; lastKnownFileType = folder; path = www; sourceTree = SOURCE_ROOT; };
		302D95EE14D2391D003F00A1 /* MainViewController.h */ = {isa = PBXFileReference; fileEncoding = 4; lastKnownFileType = sourcecode.c.h; path = MainViewController.h; sourceTree = "<group>"; };
		302D95EF14D2391D003F00A1 /* MainViewController.m */ = {isa = PBXFileReference; fileEncoding = 4; lastKnownFileType = sourcecode.c.objc; path = MainViewController.m; sourceTree = "<group>"; };
		302D95F014D2391D003F00A1 /* MainViewController.xib */ = {isa = PBXFileReference; fileEncoding = 4; lastKnownFileType = file.xib; path = MainViewController.xib; sourceTree = "<group>"; };
		3047A50F1AB8059700498E2A /* build-debug.xcconfig */ = {isa = PBXFileReference; fileEncoding = 4; lastKnownFileType = text.xcconfig; name = "build-debug.xcconfig"; path = "cordova/build-debug.xcconfig"; sourceTree = SOURCE_ROOT; };
		3047A5101AB8059700498E2A /* build-release.xcconfig */ = {isa = PBXFileReference; fileEncoding = 4; lastKnownFileType = text.xcconfig; name = "build-release.xcconfig"; path = "cordova/build-release.xcconfig"; sourceTree = SOURCE_ROOT; };
		3047A5111AB8059700498E2A /* build.xcconfig */ = {isa = PBXFileReference; fileEncoding = 4; lastKnownFileType = text.xcconfig; name = build.xcconfig; path = cordova/build.xcconfig; sourceTree = SOURCE_ROOT; };
		32CA4F630368D1EE00C91783 /* VI EGPC-Prefix.pch */ = {isa = PBXFileReference; fileEncoding = 4; lastKnownFileType = sourcecode.c.h; path = "VI EGPC-Prefix.pch"; sourceTree = "<group>"; };
		342C569321E14197BAD7C527 /* CDVViewController+SplashScreen.m */ = {isa = PBXFileReference; explicitFileType = undefined; fileEncoding = 4; includeInIndex = 0; lastKnownFileType = sourcecode.c.objc; name = "CDVViewController+SplashScreen.m"; path = "cordova-plugin-splashscreen/CDVViewController+SplashScreen.m"; sourceTree = "<group>"; };
		3AF32D71E07F4819B238B7A0 /* CDVConnection.m */ = {isa = PBXFileReference; explicitFileType = undefined; fileEncoding = 4; includeInIndex = 0; lastKnownFileType = sourcecode.c.objc; name = CDVConnection.m; path = "cordova-plugin-network-information/CDVConnection.m"; sourceTree = "<group>"; };
		3FEC34BEE9BF405CA5AFB1BE /* CDVAssetLibraryFilesystem.h */ = {isa = PBXFileReference; explicitFileType = undefined; fileEncoding = 4; includeInIndex = 0; lastKnownFileType = sourcecode.c.h; name = CDVAssetLibraryFilesystem.h; path = "cordova-plugin-file/CDVAssetLibraryFilesystem.h"; sourceTree = "<group>"; };
		424E6FCAAE8C482B91C815FE /* CDVLogger.m */ = {isa = PBXFileReference; explicitFileType = undefined; fileEncoding = 4; includeInIndex = 0; lastKnownFileType = sourcecode.c.objc; name = CDVLogger.m; path = "cordova-plugin-console/CDVLogger.m"; sourceTree = "<group>"; };
		4628A8A86D554CC09A1C0EEC /* CDVAssetLibraryFilesystem.m */ = {isa = PBXFileReference; explicitFileType = undefined; fileEncoding = 4; includeInIndex = 0; lastKnownFileType = sourcecode.c.objc; name = CDVAssetLibraryFilesystem.m; path = "cordova-plugin-file/CDVAssetLibraryFilesystem.m"; sourceTree = "<group>"; };
		478D3514D5434427BB94B2CA /* CDVSplashScreen.h */ = {isa = PBXFileReference; explicitFileType = undefined; fileEncoding = 4; includeInIndex = 0; lastKnownFileType = sourcecode.c.h; name = CDVSplashScreen.h; path = "cordova-plugin-splashscreen/CDVSplashScreen.h"; sourceTree = "<group>"; };
		4AF6B3A3138D402084A440C7 /* CDVCompass.h */ = {isa = PBXFileReference; explicitFileType = undefined; fileEncoding = 4; includeInIndex = 0; lastKnownFileType = sourcecode.c.h; name = CDVCompass.h; path = "cordova-plugin-device-orientation/CDVCompass.h"; sourceTree = "<group>"; };
		4CDF05CF472F4AD99E2727EB /* CDVNotification.m */ = {isa = PBXFileReference; explicitFileType = undefined; fileEncoding = 4; includeInIndex = 0; lastKnownFileType = sourcecode.c.objc; name = CDVNotification.m; path = "cordova-plugin-dialogs/CDVNotification.m"; sourceTree = "<group>"; };
		4FE2CCBFEC6A4170ADD2FE00 /* AudioToolbox.framework */ = {isa = PBXFileReference; explicitFileType = undefined; fileEncoding = 9; includeInIndex = 0; lastKnownFileType = wrapper.framework; name = AudioToolbox.framework; path = System/Library/Frameworks/AudioToolbox.framework; sourceTree = SDKROOT; };
		52314B220AC343B2A6E75717 /* CDVLocation.h */ = {isa = PBXFileReference; explicitFileType = undefined; fileEncoding = 4; includeInIndex = 0; lastKnownFileType = sourcecode.c.h; name = CDVLocation.h; path = "cordova-plugin-geolocation/CDVLocation.h"; sourceTree = "<group>"; };
		5AA3FE3CAF5449D48724F6B6 /* CDVLogger.h */ = {isa = PBXFileReference; explicitFileType = undefined; fileEncoding = 4; includeInIndex = 0; lastKnownFileType = sourcecode.c.h; name = CDVLogger.h; path = "cordova-plugin-console/CDVLogger.h"; sourceTree = "<group>"; };
		5AE70105D5DC4D89B4367444 /* CDVGlobalization.m */ = {isa = PBXFileReference; explicitFileType = undefined; fileEncoding = 4; includeInIndex = 0; lastKnownFileType = sourcecode.c.objc; name = CDVGlobalization.m; path = "cordova-plugin-globalization/CDVGlobalization.m"; sourceTree = "<group>"; };
		5E8D58DEF0F84951BDB83F1C /* CDVLocalFilesystem.h */ = {isa = PBXFileReference; explicitFileType = undefined; fileEncoding = 4; includeInIndex = 0; lastKnownFileType = sourcecode.c.h; name = CDVLocalFilesystem.h; path = "cordova-plugin-file/CDVLocalFilesystem.h"; sourceTree = "<group>"; };
		61C300D6454A4293B76C6BD4 /* CDVAccelerometer.m */ = {isa = PBXFileReference; explicitFileType = undefined; fileEncoding = 4; includeInIndex = 0; lastKnownFileType = sourcecode.c.objc; name = CDVAccelerometer.m; path = "cordova-plugin-device-motion/CDVAccelerometer.m"; sourceTree = "<group>"; };
		66A6043239A447DC9C7C402A /* Sim.h */ = {isa = PBXFileReference; explicitFileType = undefined; fileEncoding = 4; includeInIndex = 0; lastKnownFileType = sourcecode.c.h; name = Sim.h; path = "cordova-plugin-sim/Sim.h"; sourceTree = "<group>"; };
		73D86F28A91C40B79FF34F2F /* CDVSound.h */ = {isa = PBXFileReference; explicitFileType = undefined; fileEncoding = 4; includeInIndex = 0; lastKnownFileType = sourcecode.c.h; name = CDVSound.h; path = "cordova-plugin-media/CDVSound.h"; sourceTree = "<group>"; };
		7D5318F781054D7BBE028A71 /* CoreTelephony.framework */ = {isa = PBXFileReference; explicitFileType = undefined; fileEncoding = 9; includeInIndex = 0; lastKnownFileType = wrapper.framework; name = CoreTelephony.framework; path = System/Library/Frameworks/CoreTelephony.framework; sourceTree = SDKROOT; };
		7DDECFCC7E3144D4B17F7EF3 /* CDVContacts.h */ = {isa = PBXFileReference; explicitFileType = undefined; fileEncoding = 4; includeInIndex = 0; lastKnownFileType = sourcecode.c.h; name = CDVContacts.h; path = "cordova-plugin-contacts/CDVContacts.h"; sourceTree = "<group>"; };
		853BDA267CB84EBB9F734252 /* SystemConfiguration.framework */ = {isa = PBXFileReference; explicitFileType = undefined; fileEncoding = 9; includeInIndex = 0; lastKnownFileType = wrapper.framework; name = SystemConfiguration.framework; path = System/Library/Frameworks/SystemConfiguration.framework; sourceTree = SDKROOT; };
		86662D5FD8AD4E26AE3FB90B /* UIImage+CropScaleOrientation.h */ = {isa = PBXFileReference; explicitFileType = undefined; fileEncoding = 4; includeInIndex = 0; lastKnownFileType = sourcecode.c.h; name = "UIImage+CropScaleOrientation.h"; path = "cordova-plugin-camera/UIImage+CropScaleOrientation.h"; sourceTree = "<group>"; };
		8C3E2C7131174C80A1F9CE7C /* CDVSound.m */ = {isa = PBXFileReference; explicitFileType = undefined; fileEncoding = 4; includeInIndex = 0; lastKnownFileType = sourcecode.c.objc; name = CDVSound.m; path = "cordova-plugin-media/CDVSound.m"; sourceTree = "<group>"; };
		8CE9555CD9644D16A8E06373 /* AddressBookUI.framework */ = {isa = PBXFileReference; explicitFileType = undefined; fileEncoding = 9; includeInIndex = 0; lastKnownFileType = wrapper.framework; name = AddressBookUI.framework; path = System/Library/Frameworks/AddressBookUI.framework; sourceTree = SDKROOT; };
		8D1107310486CEB800E47090 /* VI EGPC-Info.plist */ = {isa = PBXFileReference; fileEncoding = 4; lastKnownFileType = text.plist.xml; name = "VI EGPC-Info.plist"; path = "VI EGPC/VI EGPC-Info.plist"; plistStructureDefinitionIdentifier = "com.apple.xcode.plist.structure-definition.iphone.info-plist"; sourceTree = SOURCE_ROOT; };
		900EAAB928CD4FCEADB62842 /* CDVJpegHeaderWriter.m */ = {isa = PBXFileReference; explicitFileType = undefined; fileEncoding = 4; includeInIndex = 0; lastKnownFileType = sourcecode.c.objc; name = CDVJpegHeaderWriter.m; path = "cordova-plugin-camera/CDVJpegHeaderWriter.m"; sourceTree = "<group>"; };
		95F65BB74F664EE3A8A710AD /* ImageIO.framework */ = {isa = PBXFileReference; explicitFileType = undefined; fileEncoding = 9; includeInIndex = 0; lastKnownFileType = wrapper.framework; name = ImageIO.framework; path = System/Library/Frameworks/ImageIO.framework; sourceTree = SDKROOT; };
		9611408ED7634786B45B381C /* CDVStatusBar.h */ = {isa = PBXFileReference; explicitFileType = undefined; fileEncoding = 4; includeInIndex = 0; lastKnownFileType = sourcecode.c.h; name = CDVStatusBar.h; path = "cordova-plugin-statusbar/CDVStatusBar.h"; sourceTree = "<group>"; };
		9873586A49ED486181695E3B /* CoreMotion.framework */ = {isa = PBXFileReference; explicitFileType = undefined; fileEncoding = 9; includeInIndex = 0; lastKnownFileType = wrapper.framework; name = CoreMotion.framework; path = System/Library/Frameworks/CoreMotion.framework; sourceTree = SDKROOT; };
		9C1583F3138A486FB669EB09 /* CDVContacts.m */ = {isa = PBXFileReference; explicitFileType = undefined; fileEncoding = 4; includeInIndex = 0; lastKnownFileType = sourcecode.c.objc; name = CDVContacts.m; path = "cordova-plugin-contacts/CDVContacts.m"; sourceTree = "<group>"; };
		9EAB2B7ADA684E73BAD65C38 /* CDVBattery.h */ = {isa = PBXFileReference; explicitFileType = undefined; fileEncoding = 4; includeInIndex = 0; lastKnownFileType = sourcecode.c.h; name = CDVBattery.h; path = "cordova-plugin-battery-status/CDVBattery.h"; sourceTree = "<group>"; };
		A4A6EA7D755F40E199C8B910 /* CDVGlobalization.h */ = {isa = PBXFileReference; explicitFileType = undefined; fileEncoding = 4; includeInIndex = 0; lastKnownFileType = sourcecode.c.h; name = CDVGlobalization.h; path = "cordova-plugin-globalization/CDVGlobalization.h"; sourceTree = "<group>"; };
		A51F71E112DC46DE88886EB0 /* CDVCapture.h */ = {isa = PBXFileReference; explicitFileType = undefined; fileEncoding = 4; includeInIndex = 0; lastKnownFileType = sourcecode.c.h; name = CDVCapture.h; path = "cordova-plugin-media-capture/CDVCapture.h"; sourceTree = "<group>"; };
		A606796ACCFE49FAA5ED0363 /* Sim.m */ = {isa = PBXFileReference; explicitFileType = undefined; fileEncoding = 4; includeInIndex = 0; lastKnownFileType = sourcecode.c.objc; name = Sim.m; path = "cordova-plugin-sim/Sim.m"; sourceTree = "<group>"; };
		A8AE1AA95CC044DCAC94DA15 /* CDVJpegHeaderWriter.h */ = {isa = PBXFileReference; explicitFileType = undefined; fileEncoding = 4; includeInIndex = 0; lastKnownFileType = sourcecode.c.h; name = CDVJpegHeaderWriter.h; path = "cordova-plugin-camera/CDVJpegHeaderWriter.h"; sourceTree = "<group>"; };
		B3AD4FB68BE5436E9E732880 /* CDVVibration.m */ = {isa = PBXFileReference; explicitFileType = undefined; fileEncoding = 4; includeInIndex = 0; lastKnownFileType = sourcecode.c.objc; name = CDVVibration.m; path = "cordova-plugin-vibration/CDVVibration.m"; sourceTree = "<group>"; };
		B7699813BFFF478B8004040A /* CDVSplashScreen.m */ = {isa = PBXFileReference; explicitFileType = undefined; fileEncoding = 4; includeInIndex = 0; lastKnownFileType = sourcecode.c.objc; name = CDVSplashScreen.m; path = "cordova-plugin-splashscreen/CDVSplashScreen.m"; sourceTree = "<group>"; };
		B8850CBB89464943847946B7 /* CDVContact.h */ = {isa = PBXFileReference; explicitFileType = undefined; fileEncoding = 4; includeInIndex = 0; lastKnownFileType = sourcecode.c.h; name = CDVContact.h; path = "cordova-plugin-contacts/CDVContact.h"; sourceTree = "<group>"; };
		B9995F3306C5475EA0003B03 /* CDVCamera.m */ = {isa = PBXFileReference; explicitFileType = undefined; fileEncoding = 4; includeInIndex = 0; lastKnownFileType = sourcecode.c.objc; name = CDVCamera.m; path = "cordova-plugin-camera/CDVCamera.m"; sourceTree = "<group>"; };
		CC007EA8B4EE4B50A6647071 /* AVFoundation.framework */ = {isa = PBXFileReference; explicitFileType = undefined; fileEncoding = 9; includeInIndex = 0; lastKnownFileType = wrapper.framework; name = AVFoundation.framework; path = System/Library/Frameworks/AVFoundation.framework; sourceTree = SDKROOT; };
		CC87D623FFB34841B3DEB160 /* CDVDevice.m */ = {isa = PBXFileReference; explicitFileType = undefined; fileEncoding = 4; includeInIndex = 0; lastKnownFileType = sourcecode.c.objc; name = CDVDevice.m; path = "cordova-plugin-device/CDVDevice.m"; sourceTree = "<group>"; };
		D3490A3856CC4932AFBEEFFD /* CDVFile.h */ = {isa = PBXFileReference; explicitFileType = undefined; fileEncoding = 4; includeInIndex = 0; lastKnownFileType = sourcecode.c.h; name = CDVFile.h; path = "cordova-plugin-file/CDVFile.h"; sourceTree = "<group>"; };
		D61124CA46184F0D867CC0FE /* CDVCompass.m */ = {isa = PBXFileReference; explicitFileType = undefined; fileEncoding = 4; includeInIndex = 0; lastKnownFileType = sourcecode.c.objc; name = CDVCompass.m; path = "cordova-plugin-device-orientation/CDVCompass.m"; sourceTree = "<group>"; };
		D64F051AD6B84BE4BC86398C /* CDVConnection.h */ = {isa = PBXFileReference; explicitFileType = undefined; fileEncoding = 4; includeInIndex = 0; lastKnownFileType = sourcecode.c.h; name = CDVConnection.h; path = "cordova-plugin-network-information/CDVConnection.h"; sourceTree = "<group>"; };
		D96B5BD3E06749DAB2F0A247 /* CDVCapture.m */ = {isa = PBXFileReference; explicitFileType = undefined; fileEncoding = 4; includeInIndex = 0; lastKnownFileType = sourcecode.c.objc; name = CDVCapture.m; path = "cordova-plugin-media-capture/CDVCapture.m"; sourceTree = "<group>"; };
		DF6145BB14E446A4A48ABF91 /* CDVLocalFilesystem.m */ = {isa = PBXFileReference; explicitFileType = undefined; fileEncoding = 4; includeInIndex = 0; lastKnownFileType = sourcecode.c.objc; name = CDVLocalFilesystem.m; path = "cordova-plugin-file/CDVLocalFilesystem.m"; sourceTree = "<group>"; };
		E0465074C2164BF9B36191FF /* CDVFile.m */ = {isa = PBXFileReference; explicitFileType = undefined; fileEncoding = 4; includeInIndex = 0; lastKnownFileType = sourcecode.c.objc; name = CDVFile.m; path = "cordova-plugin-file/CDVFile.m"; sourceTree = "<group>"; };
		E5E08C736A524CD49DBD776A /* CDVReachability.h */ = {isa = PBXFileReference; explicitFileType = undefined; fileEncoding = 4; includeInIndex = 0; lastKnownFileType = sourcecode.c.h; name = CDVReachability.h; path = "cordova-plugin-network-information/CDVReachability.h"; sourceTree = "<group>"; };
		E849BF361E1A4D24B40F452A /* UIImage+CropScaleOrientation.m */ = {isa = PBXFileReference; explicitFileType = undefined; fileEncoding = 4; includeInIndex = 0; lastKnownFileType = sourcecode.c.objc; name = "UIImage+CropScaleOrientation.m"; path = "cordova-plugin-camera/UIImage+CropScaleOrientation.m"; sourceTree = "<group>"; };
		E975A9A4A93C45DB9367428F /* CDVLocation.m */ = {isa = PBXFileReference; explicitFileType = undefined; fileEncoding = 4; includeInIndex = 0; lastKnownFileType = sourcecode.c.objc; name = CDVLocation.m; path = "cordova-plugin-geolocation/CDVLocation.m"; sourceTree = "<group>"; };
		EA8B2BEAB63A4CE483E98B02 /* CDVVibration.h */ = {isa = PBXFileReference; explicitFileType = undefined; fileEncoding = 4; includeInIndex = 0; lastKnownFileType = sourcecode.c.h; name = CDVVibration.h; path = "cordova-plugin-vibration/CDVVibration.h"; sourceTree = "<group>"; };
		EAD8FF14340D405AB3E99079 /* CDVStatusBar.m */ = {isa = PBXFileReference; explicitFileType = undefined; fileEncoding = 4; includeInIndex = 0; lastKnownFileType = sourcecode.c.objc; name = CDVStatusBar.m; path = "cordova-plugin-statusbar/CDVStatusBar.m"; sourceTree = "<group>"; };
		EB87FDF31871DA8E0020F90C /* www */ = {isa = PBXFileReference; lastKnownFileType = folder; name = www; path = ../../www; sourceTree = "<group>"; };
		EB87FDF41871DAF40020F90C /* config.xml */ = {isa = PBXFileReference; lastKnownFileType = text.xml; name = config.xml; path = ../../config.xml; sourceTree = "<group>"; };
		EC5C2484BDEC49F2B568BFDB /* CDVBattery.m */ = {isa = PBXFileReference; explicitFileType = undefined; fileEncoding = 4; includeInIndex = 0; lastKnownFileType = sourcecode.c.objc; name = CDVBattery.m; path = "cordova-plugin-battery-status/CDVBattery.m"; sourceTree = "<group>"; };
		ED33DF2A687741AEAF9F8254 /* Bridging-Header.h */ = {isa = PBXFileReference; fileEncoding = 4; lastKnownFileType = sourcecode.c.h; path = "Bridging-Header.h"; sourceTree = "<group>"; };
		F07029F58A804751A81A2375 /* CDVViewController+SplashScreen.h */ = {isa = PBXFileReference; explicitFileType = undefined; fileEncoding = 4; includeInIndex = 0; lastKnownFileType = sourcecode.c.h; name = "CDVViewController+SplashScreen.h"; path = "cordova-plugin-splashscreen/CDVViewController+SplashScreen.h"; sourceTree = "<group>"; };
		F1684D6F4D9C4192861903C6 /* CDVCamera.h */ = {isa = PBXFileReference; explicitFileType = undefined; fileEncoding = 4; includeInIndex = 0; lastKnownFileType = sourcecode.c.h; name = CDVCamera.h; path = "cordova-plugin-camera/CDVCamera.h"; sourceTree = "<group>"; };
		F75EB4B7A59341228570BFF8 /* CDVContact.m */ = {isa = PBXFileReference; explicitFileType = undefined; fileEncoding = 4; includeInIndex = 0; lastKnownFileType = sourcecode.c.objc; name = CDVContact.m; path = "cordova-plugin-contacts/CDVContact.m"; sourceTree = "<group>"; };
		F840E1F0165FE0F500CFE078 /* config.xml */ = {isa = PBXFileReference; lastKnownFileType = text.xml; name = config.xml; path = "VI EGPC/config.xml"; sourceTree = "<group>"; };
/* End PBXFileReference section */

/* Begin PBXFrameworksBuildPhase section */
		1D60588F0D05DD3D006BFB54 /* Frameworks */ = {
			isa = PBXFrameworksBuildPhase;
			buildActionMask = 2147483647;
			files = (
				301BF552109A68D80062928A /* libCordova.a in Frameworks */,
				A730238B14AA4B2984A50AF5 /* ImageIO.framework in Frameworks */,
				C4B86750E25C4A7CA11831A8 /* CoreLocation.framework in Frameworks */,
				DDE922B164F4468B9D74D1C9 /* AVFoundation.framework in Frameworks */,
				5D256E631D0E4FE284ABA5AC /* AddressBook.framework in Frameworks */,
				583C348035DE49EEBC6A6FDC /* AddressBookUI.framework in Frameworks */,
				0C6B2D59FBA4401AAFFF4EC8 /* CoreMotion.framework in Frameworks */,
				E296CD3F3E2446A4995C5BA5 /* AudioToolbox.framework in Frameworks */,
				D64CB57E76AA4F23B794CF05 /* SystemConfiguration.framework in Frameworks */,
				B5AB778B5CE64CD7BDB7F566 /* CoreTelephony.framework in Frameworks */,
			);
			runOnlyForDeploymentPostprocessing = 0;
		};
/* End PBXFrameworksBuildPhase section */

/* Begin PBXGroup section */
		080E96DDFE201D6D7F000001 /* Classes */ = {
			isa = PBXGroup;
			children = (
				302D95EE14D2391D003F00A1 /* MainViewController.h */,
				302D95EF14D2391D003F00A1 /* MainViewController.m */,
				302D95F014D2391D003F00A1 /* MainViewController.xib */,
				1D3623240D0F684500981E51 /* AppDelegate.h */,
				1D3623250D0F684500981E51 /* AppDelegate.m */,
			);
			name = Classes;
			path = "VI EGPC/Classes";
			sourceTree = SOURCE_ROOT;
		};
		19C28FACFE9D520D11CA2CBB /* Products */ = {
			isa = PBXGroup;
			children = (
				1D6058910D05DD3D006BFB54 /* VI EGPC.app */,
			);
			name = Products;
			sourceTree = "<group>";
		};
		29B97314FDCFA39411CA2CEA /* CustomTemplate */ = {
			isa = PBXGroup;
			children = (
				EB87FDF41871DAF40020F90C /* config.xml */,
				EB87FDF31871DA8E0020F90C /* www */,
				EB87FDF11871DA420020F90C /* Staging */,
				301BF52D109A57CC0062928A /* CordovaLib.xcodeproj */,
				080E96DDFE201D6D7F000001 /* Classes */,
				307C750510C5A3420062BCA9 /* Plugins */,
				29B97315FDCFA39411CA2CEA /* Other Sources */,
				29B97317FDCFA39411CA2CEA /* Resources */,
				29B97323FDCFA39411CA2CEA /* Frameworks */,
				19C28FACFE9D520D11CA2CBB /* Products */,
			);
			name = CustomTemplate;
			sourceTree = "<group>";
		};
		29B97315FDCFA39411CA2CEA /* Other Sources */ = {
			isa = PBXGroup;
			children = (
				32CA4F630368D1EE00C91783 /* VI EGPC-Prefix.pch */,
				29B97316FDCFA39411CA2CEA /* main.m */,
				ED33DF2A687741AEAF9F8254 /* Bridging-Header.h */,
			);
			name = "Other Sources";
			path = "VI EGPC";
			sourceTree = "<group>";
		};
		29B97317FDCFA39411CA2CEA /* Resources */ = {
			isa = PBXGroup;
			children = (
				0207DA571B56EA530066E2B4 /* Images.xcassets */,
				3047A50E1AB8057F00498E2A /* config */,
				8D1107310486CEB800E47090 /* VI EGPC-Info.plist */,
				0C9F361E3AB248A8BC2AC35D /* CDVNotification.bundle */,
				0ED2FB48E4E5465897D25859 /* CDVCapture.bundle */,
			);
			name = Resources;
			path = "VI EGPC/Resources";
			sourceTree = "<group>";
		};
		29B97323FDCFA39411CA2CEA /* Frameworks */ = {
			isa = PBXGroup;
			children = (
				95F65BB74F664EE3A8A710AD /* ImageIO.framework */,
				1C136465C3304793ABDF6D36 /* CoreLocation.framework */,
				CC007EA8B4EE4B50A6647071 /* AVFoundation.framework */,
				13969CAF8FB748C1A97FCCD2 /* AddressBook.framework */,
				8CE9555CD9644D16A8E06373 /* AddressBookUI.framework */,
				9873586A49ED486181695E3B /* CoreMotion.framework */,
				4FE2CCBFEC6A4170ADD2FE00 /* AudioToolbox.framework */,
				853BDA267CB84EBB9F734252 /* SystemConfiguration.framework */,
				7D5318F781054D7BBE028A71 /* CoreTelephony.framework */,
			);
			name = Frameworks;
			sourceTree = "<group>";
		};
		301BF52E109A57CC0062928A /* Products */ = {
			isa = PBXGroup;
			children = (
				301BF535109A57CC0062928A /* libCordova.a */,
			);
			name = Products;
			sourceTree = "<group>";
		};
		3047A50E1AB8057F00498E2A /* config */ = {
			isa = PBXGroup;
			children = (
				3047A50F1AB8059700498E2A /* build-debug.xcconfig */,
				3047A5101AB8059700498E2A /* build-release.xcconfig */,
				3047A5111AB8059700498E2A /* build.xcconfig */,
			);
			name = config;
			sourceTree = "<group>";
		};
		307C750510C5A3420062BCA9 /* Plugins */ = {
			isa = PBXGroup;
			children = (
				EC5C2484BDEC49F2B568BFDB /* CDVBattery.m */,
				9EAB2B7ADA684E73BAD65C38 /* CDVBattery.h */,
				E849BF361E1A4D24B40F452A /* UIImage+CropScaleOrientation.m */,
				B9995F3306C5475EA0003B03 /* CDVCamera.m */,
				900EAAB928CD4FCEADB62842 /* CDVJpegHeaderWriter.m */,
				86662D5FD8AD4E26AE3FB90B /* UIImage+CropScaleOrientation.h */,
				F1684D6F4D9C4192861903C6 /* CDVCamera.h */,
				A8AE1AA95CC044DCAC94DA15 /* CDVJpegHeaderWriter.h */,
				048AC980C1AF4000A31D874A /* CDVExif.h */,
				424E6FCAAE8C482B91C815FE /* CDVLogger.m */,
				5AA3FE3CAF5449D48724F6B6 /* CDVLogger.h */,
				9C1583F3138A486FB669EB09 /* CDVContacts.m */,
				F75EB4B7A59341228570BFF8 /* CDVContact.m */,
				7DDECFCC7E3144D4B17F7EF3 /* CDVContacts.h */,
				B8850CBB89464943847946B7 /* CDVContact.h */,
				CC87D623FFB34841B3DEB160 /* CDVDevice.m */,
				00933D531480478D9F585290 /* CDVDevice.h */,
				61C300D6454A4293B76C6BD4 /* CDVAccelerometer.m */,
				0392981A167240998CE08D90 /* CDVAccelerometer.h */,
				D61124CA46184F0D867CC0FE /* CDVCompass.m */,
				4AF6B3A3138D402084A440C7 /* CDVCompass.h */,
				4CDF05CF472F4AD99E2727EB /* CDVNotification.m */,
				01B5CC78CDA04B8F810D3EED /* CDVNotification.h */,
				E0465074C2164BF9B36191FF /* CDVFile.m */,
				DF6145BB14E446A4A48ABF91 /* CDVLocalFilesystem.m */,
				4628A8A86D554CC09A1C0EEC /* CDVAssetLibraryFilesystem.m */,
				D3490A3856CC4932AFBEEFFD /* CDVFile.h */,
				5E8D58DEF0F84951BDB83F1C /* CDVLocalFilesystem.h */,
				3FEC34BEE9BF405CA5AFB1BE /* CDVAssetLibraryFilesystem.h */,
				162B8735AE654A6BB67AEF2E /* CDVFileTransfer.m */,
				152F67F233F54901921AD87F /* CDVFileTransfer.h */,
				E975A9A4A93C45DB9367428F /* CDVLocation.m */,
				52314B220AC343B2A6E75717 /* CDVLocation.h */,
				5AE70105D5DC4D89B4367444 /* CDVGlobalization.m */,
				A4A6EA7D755F40E199C8B910 /* CDVGlobalization.h */,
				28FC9453EB674AB1BC8A684F /* CDVInAppBrowser.m */,
				2C35F8D19C2A4143A77FD335 /* CDVInAppBrowser.h */,
				8C3E2C7131174C80A1F9CE7C /* CDVSound.m */,
				73D86F28A91C40B79FF34F2F /* CDVSound.h */,
				D96B5BD3E06749DAB2F0A247 /* CDVCapture.m */,
				A51F71E112DC46DE88886EB0 /* CDVCapture.h */,
				3AF32D71E07F4819B238B7A0 /* CDVConnection.m */,
				253C3CC6023E4B31AA710B67 /* CDVReachability.m */,
				D64F051AD6B84BE4BC86398C /* CDVConnection.h */,
				E5E08C736A524CD49DBD776A /* CDVReachability.h */,
				A606796ACCFE49FAA5ED0363 /* Sim.m */,
				66A6043239A447DC9C7C402A /* Sim.h */,
				B7699813BFFF478B8004040A /* CDVSplashScreen.m */,
				342C569321E14197BAD7C527 /* CDVViewController+SplashScreen.m */,
				478D3514D5434427BB94B2CA /* CDVSplashScreen.h */,
				F07029F58A804751A81A2375 /* CDVViewController+SplashScreen.h */,
				EAD8FF14340D405AB3E99079 /* CDVStatusBar.m */,
				9611408ED7634786B45B381C /* CDVStatusBar.h */,
				B3AD4FB68BE5436E9E732880 /* CDVVibration.m */,
				EA8B2BEAB63A4CE483E98B02 /* CDVVibration.h */,
			);
			name = Plugins;
			path = "VI EGPC/Plugins";
			sourceTree = SOURCE_ROOT;
		};
		EB87FDF11871DA420020F90C /* Staging */ = {
			isa = PBXGroup;
			children = (
				F840E1F0165FE0F500CFE078 /* config.xml */,
				301BF56E109A69640062928A /* www */,
			);
			name = Staging;
			sourceTree = "<group>";
		};
/* End PBXGroup section */

/* Begin PBXNativeTarget section */
		1D6058900D05DD3D006BFB54 /* VI EGPC */ = {
			isa = PBXNativeTarget;
			buildConfigurationList = 1D6058960D05DD3E006BFB54 /* Build configuration list for PBXNativeTarget "VI EGPC" */;
			buildPhases = (
				304B58A110DAC018002A0835 /* Copy www directory */,
				1D60588D0D05DD3D006BFB54 /* Resources */,
				1D60588E0D05DD3D006BFB54 /* Sources */,
				1D60588F0D05DD3D006BFB54 /* Frameworks */,
			);
			buildRules = (
			);
			dependencies = (
				301BF551109A68C00062928A /* PBXTargetDependency */,
			);
			name = "VI EGPC";
			productName = "VI EGPC";
			productReference = 1D6058910D05DD3D006BFB54 /* VI EGPC.app */;
			productType = "com.apple.product-type.application";
		};
/* End PBXNativeTarget section */

/* Begin PBXProject section */
		29B97313FDCFA39411CA2CEA /* Project object */ = {
			isa = PBXProject;
			attributes = {
				LastUpgradeCheck = 510;
				TargetAttributes = {
					1D6058900D05DD3D006BFB54 = {
						DevelopmentTeam = W3C3E5YD8H;
						ProvisioningStyle = Automatic;
					};
				};
			};
			buildConfigurationList = C01FCF4E08A954540054247B /* Build configuration list for PBXProject "VI EGPC" */;
			compatibilityVersion = "Xcode 3.2";
			developmentRegion = English;
			hasScannedForEncodings = 1;
			knownRegions = (
				en,
			);
			mainGroup = 29B97314FDCFA39411CA2CEA /* CustomTemplate */;
			projectDirPath = "";
			projectReferences = (
				{
					ProductGroup = 301BF52E109A57CC0062928A /* Products */;
					ProjectRef = 301BF52D109A57CC0062928A /* CordovaLib.xcodeproj */;
				},
			);
			projectRoot = "";
			targets = (
				1D6058900D05DD3D006BFB54 /* VI EGPC */,
			);
		};
/* End PBXProject section */

/* Begin PBXReferenceProxy section */
		301BF535109A57CC0062928A /* libCordova.a */ = {
			isa = PBXReferenceProxy;
			fileType = archive.ar;
			path = libCordova.a;
			remoteRef = 301BF534109A57CC0062928A /* PBXContainerItemProxy */;
			sourceTree = BUILT_PRODUCTS_DIR;
		};
/* End PBXReferenceProxy section */

/* Begin PBXResourcesBuildPhase section */
		1D60588D0D05DD3D006BFB54 /* Resources */ = {
			isa = PBXResourcesBuildPhase;
			buildActionMask = 2147483647;
			files = (
				302D95F214D2391D003F00A1 /* MainViewController.xib in Resources */,
				3047A5131AB8059700498E2A /* build-release.xcconfig in Resources */,
				3047A5141AB8059700498E2A /* build.xcconfig in Resources */,
				0207DA581B56EA530066E2B4 /* Images.xcassets in Resources */,
				3047A5121AB8059700498E2A /* build-debug.xcconfig in Resources */,
				DD6DAAC5117D42D0B46DF00B /* CDVNotification.bundle in Resources */,
				BF925516EBBB4BD69EDDF7FD /* CDVCapture.bundle in Resources */,
			);
			runOnlyForDeploymentPostprocessing = 0;
		};
/* End PBXResourcesBuildPhase section */

/* Begin PBXShellScriptBuildPhase section */
		304B58A110DAC018002A0835 /* Copy www directory */ = {
			isa = PBXShellScriptBuildPhase;
			buildActionMask = 2147483647;
			files = (
			);
			inputPaths = (
			);
			name = "Copy www directory";
			outputPaths = (
			);
			runOnlyForDeploymentPostprocessing = 0;
			shellPath = /bin/sh;
			shellScript = "NODEJS_PATH=/usr/local/bin; NVM_NODE_PATH=~/.nvm/versions/node/`nvm version 2>/dev/null`/bin; N_NODE_PATH=`find /usr/local/n/versions/node/* -maxdepth 0 -type d 2>/dev/null | tail -1`/bin; XCODE_NODE_PATH=`xcode-select --print-path`/usr/share/xcs/Node/bin; PATH=$NODEJS_PATH:$NVM_NODE_PATH:$N_NODE_PATH:$XCODE_NODE_PATH:$PATH && node cordova/lib/copy-www-build-step.js";
			showEnvVarsInLog = 0;
		};
/* End PBXShellScriptBuildPhase section */

/* Begin PBXSourcesBuildPhase section */
		1D60588E0D05DD3D006BFB54 /* Sources */ = {
			isa = PBXSourcesBuildPhase;
			buildActionMask = 2147483647;
			files = (
				1D60589B0D05DD56006BFB54 /* main.m in Sources */,
				1D3623260D0F684500981E51 /* AppDelegate.m in Sources */,
				302D95F114D2391D003F00A1 /* MainViewController.m in Sources */,
				0BCDB365351D48B8928ACE85 /* CDVBattery.m in Sources */,
				9EBD874763B54A71AA6895F7 /* UIImage+CropScaleOrientation.m in Sources */,
				0C9AFC6F852F47E7A07F3962 /* CDVCamera.m in Sources */,
				6D5C38556FF842F585D7AB67 /* CDVJpegHeaderWriter.m in Sources */,
				780A780D26A840C39DBE0B99 /* CDVLogger.m in Sources */,
				BD4A9970583C4497A4344C02 /* CDVContacts.m in Sources */,
				FC6CBAEAABC34B1D9E3ACF0E /* CDVContact.m in Sources */,
				1201886EE25A4BF5B838676C /* CDVDevice.m in Sources */,
				9E1D0C1F577F4314B152DC21 /* CDVAccelerometer.m in Sources */,
				D33674231A1D4D619590C5B6 /* CDVCompass.m in Sources */,
				7F62B108E4FD48439BCF8887 /* CDVNotification.m in Sources */,
				12159220F8AC4425B9DE4154 /* CDVFile.m in Sources */,
				0310358077254183A476831C /* CDVLocalFilesystem.m in Sources */,
				883C5079B7F245218370A9ED /* CDVAssetLibraryFilesystem.m in Sources */,
				B2EF138B44904C278606FCBC /* CDVFileTransfer.m in Sources */,
				8A5A520774FA48B185130125 /* CDVLocation.m in Sources */,
				0C2020173C004193AB530ED7 /* CDVGlobalization.m in Sources */,
				68127A400DED4505AD1C63B9 /* CDVInAppBrowser.m in Sources */,
				1F0DF35E6BD5413288B1DC4D /* CDVSound.m in Sources */,
				B336D0050449467089A7541A /* CDVCapture.m in Sources */,
				6BDCAEC109044116B938C703 /* CDVConnection.m in Sources */,
				2CE51D7DA3734F8A8C0ADC08 /* CDVReachability.m in Sources */,
				BDAB4B0CB4634058B6C8E03A /* Sim.m in Sources */,
				53E633A237A94479832CF276 /* CDVSplashScreen.m in Sources */,
				9943DECBD1624343818B283D /* CDVViewController+SplashScreen.m in Sources */,
				D8C94599F4D44850BEAC5409 /* CDVStatusBar.m in Sources */,
				74815C6C292C4E73BDB9C4ED /* CDVVibration.m in Sources */,
			);
			runOnlyForDeploymentPostprocessing = 0;
		};
/* End PBXSourcesBuildPhase section */

/* Begin PBXTargetDependency section */
		301BF551109A68C00062928A /* PBXTargetDependency */ = {
			isa = PBXTargetDependency;
			name = CordovaLib;
			targetProxy = 301BF550109A68C00062928A /* PBXContainerItemProxy */;
		};
/* End PBXTargetDependency section */

/* Begin XCBuildConfiguration section */
		1D6058940D05DD3E006BFB54 /* Debug */ = {
			isa = XCBuildConfiguration;
			baseConfigurationReference = 3047A50F1AB8059700498E2A /* build-debug.xcconfig */;
			buildSettings = {
				ALWAYS_SEARCH_USER_PATHS = NO;
				ASSETCATALOG_COMPILER_APPICON_NAME = AppIcon;
				ASSETCATALOG_COMPILER_LAUNCHIMAGE_NAME = LaunchImage;
				CLANG_ENABLE_MODULES = YES;
				CLANG_ENABLE_OBJC_ARC = YES;
				"CODE_SIGN_IDENTITY[sdk=iphoneos*]" = "iPhone Developer";
				COPY_PHASE_STRIP = NO;
				DEVELOPMENT_TEAM = W3C3E5YD8H;
				GCC_DYNAMIC_NO_PIC = NO;
				GCC_OPTIMIZATION_LEVEL = 0;
				GCC_PRECOMPILE_PREFIX_HEADER = YES;
				GCC_PREFIX_HEADER = "VI EGPC/VI EGPC-Prefix.pch";
				GCC_THUMB_SUPPORT = NO;
				GCC_VERSION = "";
				INFOPLIST_FILE = "VI EGPC/VI EGPC-Info.plist";
				LD_RUNPATH_SEARCH_PATHS = "@executable_path/Frameworks";
				PRODUCT_NAME = "VI EGPC";
				TARGETED_DEVICE_FAMILY = "1,2";
			};
			name = Debug;
		};
		1D6058950D05DD3E006BFB54 /* Release */ = {
			isa = XCBuildConfiguration;
			baseConfigurationReference = 3047A5101AB8059700498E2A /* build-release.xcconfig */;
			buildSettings = {
				ALWAYS_SEARCH_USER_PATHS = NO;
				ASSETCATALOG_COMPILER_APPICON_NAME = AppIcon;
				ASSETCATALOG_COMPILER_LAUNCHIMAGE_NAME = LaunchImage;
				CLANG_ENABLE_MODULES = YES;
				CLANG_ENABLE_OBJC_ARC = YES;
				"CODE_SIGN_IDENTITY[sdk=iphoneos*]" = "iPhone Developer";
				COPY_PHASE_STRIP = YES;
				DEVELOPMENT_TEAM = W3C3E5YD8H;
				GCC_PRECOMPILE_PREFIX_HEADER = YES;
				GCC_PREFIX_HEADER = "VI EGPC/VI EGPC-Prefix.pch";
				GCC_THUMB_SUPPORT = NO;
				GCC_VERSION = "";
				INFOPLIST_FILE = "VI EGPC/VI EGPC-Info.plist";
				ONLY_ACTIVE_ARCH = YES;
				PRODUCT_NAME = "VI EGPC";
				TARGETED_DEVICE_FAMILY = "1,2";
			};
			name = Release;
		};
		C01FCF4F08A954540054247B /* Debug */ = {
			isa = XCBuildConfiguration;
			baseConfigurationReference = 3047A5111AB8059700498E2A /* build.xcconfig */;
			buildSettings = {
				CLANG_ENABLE_MODULES = YES;
				CLANG_ENABLE_OBJC_ARC = YES;
				CLANG_WARN_BOOL_CONVERSION = YES;
				CLANG_WARN_CONSTANT_CONVERSION = YES;
				CLANG_WARN_EMPTY_BODY = YES;
				CLANG_WARN_ENUM_CONVERSION = YES;
				CLANG_WARN_INT_CONVERSION = YES;
				CLANG_WARN__DUPLICATE_METHOD_MATCH = YES;
				GCC_C_LANGUAGE_STANDARD = c99;
				GCC_THUMB_SUPPORT = NO;
				GCC_VERSION = "";
				GCC_WARN_ABOUT_RETURN_TYPE = YES;
				GCC_WARN_UNDECLARED_SELECTOR = YES;
				GCC_WARN_UNINITIALIZED_AUTOS = YES;
				GCC_WARN_UNUSED_FUNCTION = YES;
				GCC_WARN_UNUSED_VARIABLE = YES;
				IPHONEOS_DEPLOYMENT_TARGET = 10.0;
				ONLY_ACTIVE_ARCH = YES;
				SDKROOT = iphoneos;
				SKIP_INSTALL = NO;
				TARGETED_DEVICE_FAMILY = "1,2";
			};
			name = Debug;
		};
		C01FCF5008A954540054247B /* Release */ = {
			isa = XCBuildConfiguration;
			baseConfigurationReference = 3047A5111AB8059700498E2A /* build.xcconfig */;
			buildSettings = {
				CLANG_ENABLE_MODULES = YES;
				CLANG_ENABLE_OBJC_ARC = YES;
				CLANG_WARN_BOOL_CONVERSION = YES;
				CLANG_WARN_CONSTANT_CONVERSION = YES;
				CLANG_WARN_EMPTY_BODY = YES;
				CLANG_WARN_ENUM_CONVERSION = YES;
				CLANG_WARN_INT_CONVERSION = YES;
				CLANG_WARN__DUPLICATE_METHOD_MATCH = YES;
				GCC_C_LANGUAGE_STANDARD = c99;
				GCC_THUMB_SUPPORT = NO;
				GCC_VERSION = "";
				GCC_WARN_ABOUT_RETURN_TYPE = YES;
				GCC_WARN_UNDECLARED_SELECTOR = YES;
				GCC_WARN_UNINITIALIZED_AUTOS = YES;
				GCC_WARN_UNUSED_FUNCTION = YES;
				GCC_WARN_UNUSED_VARIABLE = YES;
				IPHONEOS_DEPLOYMENT_TARGET = 10.0;
				ONLY_ACTIVE_ARCH = YES;
				SDKROOT = iphoneos;
				SKIP_INSTALL = NO;
				TARGETED_DEVICE_FAMILY = "1,2";
			};
			name = Release;
		};
/* End XCBuildConfiguration section */

/* Begin XCConfigurationList section */
		1D6058960D05DD3E006BFB54 /* Build configuration list for PBXNativeTarget "VI EGPC" */ = {
			isa = XCConfigurationList;
			buildConfigurations = (
				1D6058940D05DD3E006BFB54 /* Debug */,
				1D6058950D05DD3E006BFB54 /* Release */,
			);
			defaultConfigurationIsVisible = 0;
			defaultConfigurationName = Release;
		};
		C01FCF4E08A954540054247B /* Build configuration list for PBXProject "VI EGPC" */ = {
			isa = XCConfigurationList;
			buildConfigurations = (
				C01FCF4F08A954540054247B /* Debug */,
				C01FCF5008A954540054247B /* Release */,
			);
			defaultConfigurationIsVisible = 0;
			defaultConfigurationName = Release;
		};
/* End XCConfigurationList section */
	};
	rootObject = 29B97313FDCFA39411CA2CEA /* Project object */;
}
